// !$*UTF8*$!
{
	archiveVersion = 1;
	classes = {
	};
	objectVersion = 52;
	objects = {

/* Begin PBXBuildFile section */
		F525A4E224354F0400E219B7 /* AppDelegate.swift in Sources */ = {isa = PBXBuildFile; fileRef = F525A4E124354F0400E219B7 /* AppDelegate.swift */; };
		F525A4E424354F0400E219B7 /* SceneDelegate.swift in Sources */ = {isa = PBXBuildFile; fileRef = F525A4E324354F0400E219B7 /* SceneDelegate.swift */; };
		F525A4E624354F0400E219B7 /* ContentView.swift in Sources */ = {isa = PBXBuildFile; fileRef = F525A4E524354F0400E219B7 /* ContentView.swift */; };
		F525A4E824354F0500E219B7 /* Assets.xcassets in Resources */ = {isa = PBXBuildFile; fileRef = F525A4E724354F0500E219B7 /* Assets.xcassets */; };
		F525A4EB24354F0500E219B7 /* Preview Assets.xcassets in Resources */ = {isa = PBXBuildFile; fileRef = F525A4EA24354F0500E219B7 /* Preview Assets.xcassets */; };
		F525A4EE24354F0500E219B7 /* LaunchScreen.storyboard in Resources */ = {isa = PBXBuildFile; fileRef = F525A4EC24354F0500E219B7 /* LaunchScreen.storyboard */; };
		F525A4F724354F3D00E219B7 /* Alamofire in Frameworks */ = {isa = PBXBuildFile; productRef = F525A4F624354F3D00E219B7 /* Alamofire */; };
/* End PBXBuildFile section */

/* Begin PBXFileReference section */
		F525A4DE24354F0400E219B7 /* ChuckNorrisJokes.app */ = {isa = PBXFileReference; explicitFileType = wrapper.application; includeInIndex = 0; path = ChuckNorrisJokes.app; sourceTree = BUILT_PRODUCTS_DIR; };
		F525A4E124354F0400E219B7 /* AppDelegate.swift */ = {isa = PBXFileReference; lastKnownFileType = sourcecode.swift; path = AppDelegate.swift; sourceTree = "<group>"; };
		F525A4E324354F0400E219B7 /* SceneDelegate.swift */ = {isa = PBXFileReference; lastKnownFileType = sourcecode.swift; path = SceneDelegate.swift; sourceTree = "<group>"; };
		F525A4E524354F0400E219B7 /* ContentView.swift */ = {isa = PBXFileReference; lastKnownFileType = sourcecode.swift; path = ContentView.swift; sourceTree = "<group>"; };
		F525A4E724354F0500E219B7 /* Assets.xcassets */ = {isa = PBXFileReference; lastKnownFileType = folder.assetcatalog; path = Assets.xcassets; sourceTree = "<group>"; };
		F525A4EA24354F0500E219B7 /* Preview Assets.xcassets */ = {isa = PBXFileReference; lastKnownFileType = folder.assetcatalog; path = "Preview Assets.xcassets"; sourceTree = "<group>"; };
		F525A4ED24354F0500E219B7 /* Base */ = {isa = PBXFileReference; lastKnownFileType = file.storyboard; name = Base; path = Base.lproj/LaunchScreen.storyboard; sourceTree = "<group>"; };
		F525A4EF24354F0500E219B7 /* Info.plist */ = {isa = PBXFileReference; lastKnownFileType = text.plist.xml; path = Info.plist; sourceTree = "<group>"; };
/* End PBXFileReference section */

/* Begin PBXFrameworksBuildPhase section */
		F525A4DB24354F0400E219B7 /* Frameworks */ = {
			isa = PBXFrameworksBuildPhase;
			buildActionMask = 2147483647;
			files = (
				F525A4F724354F3D00E219B7 /* Alamofire in Frameworks */,
			);
			runOnlyForDeploymentPostprocessing = 0;
		};
/* End PBXFrameworksBuildPhase section */

/* Begin PBXGroup section */
		F525A4D524354F0400E219B7 = {
			isa = PBXGroup;
			children = (
				F525A4E024354F0400E219B7 /* ChuckNorrisJokes */,
				F525A4DF24354F0400E219B7 /* Products */,
			);
			sourceTree = "<group>";
		};
		F525A4DF24354F0400E219B7 /* Products */ = {
			isa = PBXGroup;
			children = (
				F525A4DE24354F0400E219B7 /* ChuckNorrisJokes.app */,
			);
			name = Products;
			sourceTree = "<group>";
		};
		F525A4E024354F0400E219B7 /* ChuckNorrisJokes */ = {
			isa = PBXGroup;
			children = (
				F525A4E124354F0400E219B7 /* AppDelegate.swift */,
				F525A4E324354F0400E219B7 /* SceneDelegate.swift */,
				F525A4E524354F0400E219B7 /* ContentView.swift */,
				F525A4E724354F0500E219B7 /* Assets.xcassets */,
				F525A4EC24354F0500E219B7 /* LaunchScreen.storyboard */,
				F525A4EF24354F0500E219B7 /* Info.plist */,
				F525A4E924354F0500E219B7 /* Preview Content */,
			);
			path = ChuckNorrisJokes;
			sourceTree = "<group>";
		};
		F525A4E924354F0500E219B7 /* Preview Content */ = {
			isa = PBXGroup;
			children = (
				F525A4EA24354F0500E219B7 /* Preview Assets.xcassets */,
			);
			path = "Preview Content";
			sourceTree = "<group>";
		};
/* End PBXGroup section */

/* Begin PBXNativeTarget section */
		F525A4DD24354F0400E219B7 /* ChuckNorrisJokes */ = {
			isa = PBXNativeTarget;
			buildConfigurationList = F525A4F224354F0500E219B7 /* Build configuration list for PBXNativeTarget "ChuckNorrisJokes" */;
			buildPhases = (
				F525A4DA24354F0400E219B7 /* Sources */,
				F525A4DB24354F0400E219B7 /* Frameworks */,
				F525A4DC24354F0400E219B7 /* Resources */,
			);
			buildRules = (
			);
			dependencies = (
			);
			name = ChuckNorrisJokes;
			packageProductDependencies = (
				F525A4F624354F3D00E219B7 /* Alamofire */,
			);
			productName = ChuckNorrisJokes;
			productReference = F525A4DE24354F0400E219B7 /* ChuckNorrisJokes.app */;
			productType = "com.apple.product-type.application";
		};
/* End PBXNativeTarget section */

/* Begin PBXProject section */
		F525A4D624354F0400E219B7 /* Project object */ = {
			isa = PBXProject;
			attributes = {
				LastSwiftUpdateCheck = 1140;
				LastUpgradeCheck = 1140;
				ORGANIZATIONNAME = "Matthew Crown";
				TargetAttributes = {
					F525A4DD24354F0400E219B7 = {
						CreatedOnToolsVersion = 11.4;
					};
				};
			};
			buildConfigurationList = F525A4D924354F0400E219B7 /* Build configuration list for PBXProject "ChuckNorrisJokes" */;
			compatibilityVersion = "Xcode 9.3";
			developmentRegion = en;
			hasScannedForEncodings = 0;
			knownRegions = (
				en,
				Base,
			);
			mainGroup = F525A4D524354F0400E219B7;
			packageReferences = (
				F525A4F524354F3D00E219B7 /* XCRemoteSwiftPackageReference "Alamofire" */,
			);
			productRefGroup = F525A4DF24354F0400E219B7 /* Products */;
			projectDirPath = "";
			projectRoot = "";
			targets = (
				F525A4DD24354F0400E219B7 /* ChuckNorrisJokes */,
			);
		};
/* End PBXProject section */

/* Begin PBXResourcesBuildPhase section */
		F525A4DC24354F0400E219B7 /* Resources */ = {
			isa = PBXResourcesBuildPhase;
			buildActionMask = 2147483647;
			files = (
				F525A4EE24354F0500E219B7 /* LaunchScreen.storyboard in Resources */,
				F525A4EB24354F0500E219B7 /* Preview Assets.xcassets in Resources */,
				F525A4E824354F0500E219B7 /* Assets.xcassets in Resources */,
			);
			runOnlyForDeploymentPostprocessing = 0;
		};
/* End PBXResourcesBuildPhase section */

/* Begin PBXSourcesBuildPhase section */
		F525A4DA24354F0400E219B7 /* Sources */ = {
			isa = PBXSourcesBuildPhase;
			buildActionMask = 2147483647;
			files = (
				F525A4E224354F0400E219B7 /* AppDelegate.swift in Sources */,
				F525A4E424354F0400E219B7 /* SceneDelegate.swift in Sources */,
				F525A4E624354F0400E219B7 /* ContentView.swift in Sources */,
			);
			runOnlyForDeploymentPostprocessing = 0;
		};
/* End PBXSourcesBuildPhase section */

/* Begin PBXVariantGroup section */
		F525A4EC24354F0500E219B7 /* LaunchScreen.storyboard */ = {
			isa = PBXVariantGroup;
			children = (
				F525A4ED24354F0500E219B7 /* Base */,
			);
			name = LaunchScreen.storyboard;
			sourceTree = "<group>";
		};
/* End PBXVariantGroup section */

/* Begin XCBuildConfiguration section */
		F525A4F024354F0500E219B7 /* Debug */ = {
			isa = XCBuildConfiguration;
			buildSettings = {
				ALWAYS_SEARCH_USER_PATHS = NO;
				CLANG_ANALYZER_NONNULL = YES;
				CLANG_ANALYZER_NUMBER_OBJECT_CONVERSION = YES_AGGRESSIVE;
				CLANG_CXX_LANGUAGE_STANDARD = "gnu++14";
				CLANG_CXX_LIBRARY = "libc++";
				CLANG_ENABLE_MODULES = YES;
				CLANG_ENABLE_OBJC_ARC = YES;
				CLANG_ENABLE_OBJC_WEAK = YES;
				CLANG_WARN_BLOCK_CAPTURE_AUTORELEASING = YES;
				CLANG_WARN_BOOL_CONVERSION = YES;
				CLANG_WARN_COMMA = YES;
				CLANG_WARN_CONSTANT_CONVERSION = YES;
				CLANG_WARN_DEPRECATED_OBJC_IMPLEMENTATIONS = YES;
				CLANG_WARN_DIRECT_OBJC_ISA_USAGE = YES_ERROR;
				CLANG_WARN_DOCUMENTATION_COMMENTS = YES;
				CLANG_WARN_EMPTY_BODY = YES;
				CLANG_WARN_ENUM_CONVERSION = YES;
				CLANG_WARN_INFINITE_RECURSION = YES;
				CLANG_WARN_INT_CONVERSION = YES;
				CLANG_WARN_NON_LITERAL_NULL_CONVERSION = YES;
				CLANG_WARN_OBJC_IMPLICIT_RETAIN_SELF = YES;
				CLANG_WARN_OBJC_LITERAL_CONVERSION = YES;
				CLANG_WARN_OBJC_ROOT_CLASS = YES_ERROR;
				CLANG_WARN_RANGE_LOOP_ANALYSIS = YES;
				CLANG_WARN_STRICT_PROTOTYPES = YES;
				CLANG_WARN_SUSPICIOUS_MOVE = YES;
				CLANG_WARN_UNGUARDED_AVAILABILITY = YES_AGGRESSIVE;
				CLANG_WARN_UNREACHABLE_CODE = YES;
				CLANG_WARN__DUPLICATE_METHOD_MATCH = YES;
				COPY_PHASE_STRIP = NO;
				DEBUG_INFORMATION_FORMAT = dwarf;
				ENABLE_STRICT_OBJC_MSGSEND = YES;
				ENABLE_TESTABILITY = YES;
				GCC_C_LANGUAGE_STANDARD = gnu11;
				GCC_DYNAMIC_NO_PIC = NO;
				GCC_NO_COMMON_BLOCKS = YES;
				GCC_OPTIMIZATION_LEVEL = 0;
				GCC_PREPROCESSOR_DEFINITIONS = (
					"DEBUG=1",
					"$(inherited)",
				);
				GCC_WARN_64_TO_32_BIT_CONVERSION = YES;
				GCC_WARN_ABOUT_RETURN_TYPE = YES_ERROR;
				GCC_WARN_UNDECLARED_SELECTOR = YES;
				GCC_WARN_UNINITIALIZED_AUTOS = YES_AGGRESSIVE;
				GCC_WARN_UNUSED_FUNCTION = YES;
				GCC_WARN_UNUSED_VARIABLE = YES;
				IPHONEOS_DEPLOYMENT_TARGET = 13.4;
				MTL_ENABLE_DEBUG_INFO = INCLUDE_SOURCE;
				MTL_FAST_MATH = YES;
				ONLY_ACTIVE_ARCH = YES;
				SDKROOT = iphoneos;
				SWIFT_ACTIVE_COMPILATION_CONDITIONS = DEBUG;
				SWIFT_OPTIMIZATION_LEVEL = "-Onone";
			};
			name = Debug;
		};
		F525A4F124354F0500E219B7 /* Release */ = {
			isa = XCBuildConfiguration;
			buildSettings = {
				ALWAYS_SEARCH_USER_PATHS = NO;
				CLANG_ANALYZER_NONNULL = YES;
				CLANG_ANALYZER_NUMBER_OBJECT_CONVERSION = YES_AGGRESSIVE;
				CLANG_CXX_LANGUAGE_STANDARD = "gnu++14";
				CLANG_CXX_LIBRARY = "libc++";
				CLANG_ENABLE_MODULES = YES;
				CLANG_ENABLE_OBJC_ARC = YES;
				CLANG_ENABLE_OBJC_WEAK = YES;
				CLANG_WARN_BLOCK_CAPTURE_AUTORELEASING = YES;
				CLANG_WARN_BOOL_CONVERSION = YES;
				CLANG_WARN_COMMA = YES;
				CLANG_WARN_CONSTANT_CONVERSION = YES;
				CLANG_WARN_DEPRECATED_OBJC_IMPLEMENTATIONS = YES;
				CLANG_WARN_DIRECT_OBJC_ISA_USAGE = YES_ERROR;
				CLANG_WARN_DOCUMENTATION_COMMENTS = YES;
				CLANG_WARN_EMPTY_BODY = YES;
				CLANG_WARN_ENUM_CONVERSION = YES;
				CLANG_WARN_INFINITE_RECURSION = YES;
				CLANG_WARN_INT_CONVERSION = YES;
				CLANG_WARN_NON_LITERAL_NULL_CONVERSION = YES;
				CLANG_WARN_OBJC_IMPLICIT_RETAIN_SELF = YES;
				CLANG_WARN_OBJC_LITERAL_CONVERSION = YES;
				CLANG_WARN_OBJC_ROOT_CLASS = YES_ERROR;
				CLANG_WARN_RANGE_LOOP_ANALYSIS = YES;
				CLANG_WARN_STRICT_PROTOTYPES = YES;
				CLANG_WARN_SUSPICIOUS_MOVE = YES;
				CLANG_WARN_UNGUARDED_AVAILABILITY = YES_AGGRESSIVE;
				CLANG_WARN_UNREACHABLE_CODE = YES;
				CLANG_WARN__DUPLICATE_METHOD_MATCH = YES;
				COPY_PHASE_STRIP = NO;
				DEBUG_INFORMATION_FORMAT = "dwarf-with-dsym";
				ENABLE_NS_ASSERTIONS = NO;
				ENABLE_STRICT_OBJC_MSGSEND = YES;
				GCC_C_LANGUAGE_STANDARD = gnu11;
				GCC_NO_COMMON_BLOCKS = YES;
				GCC_WARN_64_TO_32_BIT_CONVERSION = YES;
				GCC_WARN_ABOUT_RETURN_TYPE = YES_ERROR;
				GCC_WARN_UNDECLARED_SELECTOR = YES;
				GCC_WARN_UNINITIALIZED_AUTOS = YES_AGGRESSIVE;
				GCC_WARN_UNUSED_FUNCTION = YES;
				GCC_WARN_UNUSED_VARIABLE = YES;
				IPHONEOS_DEPLOYMENT_TARGET = 13.4;
				MTL_ENABLE_DEBUG_INFO = NO;
				MTL_FAST_MATH = YES;
				SDKROOT = iphoneos;
				SWIFT_COMPILATION_MODE = wholemodule;
				SWIFT_OPTIMIZATION_LEVEL = "-O";
				VALIDATE_PRODUCT = YES;
			};
			name = Release;
		};
		F525A4F324354F0500E219B7 /* Debug */ = {
			isa = XCBuildConfiguration;
			buildSettings = {
				ASSETCATALOG_COMPILER_APPICON_NAME = AppIcon;
				CODE_SIGN_STYLE = Automatic;
				DEVELOPMENT_ASSET_PATHS = "\"ChuckNorrisJokes/Preview Content\"";
				DEVELOPMENT_TEAM = RK6S4R53KP;
				ENABLE_PREVIEWS = YES;
				INFOPLIST_FILE = ChuckNorrisJokes/Info.plist;
				LD_RUNPATH_SEARCH_PATHS = (
					"$(inherited)",
					"@executable_path/Frameworks",
				);
				PRODUCT_BUNDLE_IDENTIFIER = com.blah.ChuckNorrisJokes;
				PRODUCT_NAME = "$(TARGET_NAME)";
				SWIFT_VERSION = 5.0;
				TARGETED_DEVICE_FAMILY = "1,2";
			};
			name = Debug;
		};
		F525A4F424354F0500E219B7 /* Release */ = {
			isa = XCBuildConfiguration;
			buildSettings = {
				ASSETCATALOG_COMPILER_APPICON_NAME = AppIcon;
				CODE_SIGN_STYLE = Automatic;
				DEVELOPMENT_ASSET_PATHS = "\"ChuckNorrisJokes/Preview Content\"";
				DEVELOPMENT_TEAM = RK6S4R53KP;
				ENABLE_PREVIEWS = YES;
				INFOPLIST_FILE = ChuckNorrisJokes/Info.plist;
				LD_RUNPATH_SEARCH_PATHS = (
					"$(inherited)",
					"@executable_path/Frameworks",
				);
				PRODUCT_BUNDLE_IDENTIFIER = com.blah.ChuckNorrisJokes;
				PRODUCT_NAME = "$(TARGET_NAME)";
				SWIFT_VERSION = 5.0;
				TARGETED_DEVICE_FAMILY = "1,2";
			};
			name = Release;
		};
/* End XCBuildConfiguration section */

/* Begin XCConfigurationList section */
		F525A4D924354F0400E219B7 /* Build configuration list for PBXProject "ChuckNorrisJokes" */ = {
			isa = XCConfigurationList;
			buildConfigurations = (
				F525A4F024354F0500E219B7 /* Debug */,
				F525A4F124354F0500E219B7 /* Release */,
			);
			defaultConfigurationIsVisible = 0;
			defaultConfigurationName = Release;
		};
		F525A4F224354F0500E219B7 /* Build configuration list for PBXNativeTarget "ChuckNorrisJokes" */ = {
			isa = XCConfigurationList;
			buildConfigurations = (
				F525A4F324354F0500E219B7 /* Debug */,
				F525A4F424354F0500E219B7 /* Release */,
			);
			defaultConfigurationIsVisible = 0;
			defaultConfigurationName = Release;
		};
/* End XCConfigurationList section */

/* Begin XCRemoteSwiftPackageReference section */
		F525A4F524354F3D00E219B7 /* XCRemoteSwiftPackageReference "Alamofire" */ = {
			isa = XCRemoteSwiftPackageReference;
			repositoryURL = "https://github.com/Alamofire/Alamofire.git";
			requirement = {
				kind = exactVersion;
				version = 4.9.1;
			};
		};
/* End XCRemoteSwiftPackageReference section */

/* Begin XCSwiftPackageProductDependency section */
		F525A4F624354F3D00E219B7 /* Alamofire */ = {
			isa = XCSwiftPackageProductDependency;
			package = F525A4F524354F3D00E219B7 /* XCRemoteSwiftPackageReference "Alamofire" */;
			productName = Alamofire;
		};
/* End XCSwiftPackageProductDependency section */
	};
	rootObject = F525A4D624354F0400E219B7 /* Project object */;
}
